
Microsoft Visual Studio Solution File, Format Version 12.00
# Visual Studio 2012
Project("{FAE04EC0-301F-11D3-BF4B-00C04F79EFBC}") = "DesenhaFormas", "DesenhaFormas\DesenhaFormas.csproj", "{98523C0D-0BEE-4980-AF82-B5E82F6CCA7A}"
EndProject
Global
	GlobalSection(SolutionConfigurationPlatforms) = preSolution
		Debug|Any CPU = Debug|Any CPU
		Release|Any CPU = Release|Any CPU
	EndGlobalSection
	GlobalSection(ProjectConfigurationPlatforms) = postSolution
		{98523C0D-0BEE-4980-AF82-B5E82F6CCA7A}.Debug|Any CPU.ActiveCfg = Debug|Any CPU
		{98523C0D-0BEE-4980-AF82-B5E82F6CCA7A}.Debug|Any CPU.Build.0 = Debug|Any CPU
		{98523C0D-0BEE-4980-AF82-B5E82F6CCA7A}.Release|Any CPU.ActiveCfg = Release|Any CPU
		{98523C0D-0BEE-4980-AF82-B5E82F6CCA7A}.Release|Any CPU.Build.0 = Release|Any CPU
	EndGlobalSection
	GlobalSection(SolutionProperties) = preSolution
		HideSolutionNode = FALSE
	EndGlobalSection
EndGlobal
